{
  "name": "boxboat-aks-healthcheck",
  "version": "1.0.0",
  "lockfileVersion": 2,
  "requires": true,
  "packages": {
    "": {
      "name": "boxboat-aks-healthcheck",
      "version": "1.0.0",
      "license": "ISC",
      "dependencies": {
        "chalk": "^5.1.0",
        "commander": "^7.2.0"
      },
      "bin": {
        "aks-hc": "index.js"
      }
    },
    "node_modules/chalk": {
      "version": "5.1.0",
      "resolved": "https://registry.npmjs.org/chalk/-/chalk-5.1.0.tgz",
      "integrity": "sha512-56zD4khRTBoIyzUYAFgDDaPhUMN/fC/rySe6aZGqbj/VWiU2eI3l6ZLOtYGFZAV5v02mwPjtpzlrOveJiz5eZQ==",
      "engines": {
        "node": "^12.17.0 || ^14.13 || >=16.0.0"
      },
      "funding": {
        "url": "https://github.com/chalk/chalk?sponsor=1"
      }
    },
    "node_modules/commander": {
      "version": "7.2.0",
      "resolved": "https://registry.npmjs.org/commander/-/commander-7.2.0.tgz",
      "integrity": "sha512-QrWXB+ZQSVPmIWIhtEO9H+gwHaMGYiF5ChvoJ+K9ZGHG/sVsa6yiesAD1GC/x46sET00Xlwo1u49RVVVzvcSkw==",
      "engines": {
        "node": ">= 10"
      }
    }
  },
  "dependencies": {
    "chalk": {
      "version": "5.1.0",
      "resolved": "https://registry.npmjs.org/chalk/-/chalk-5.1.0.tgz",
      "integrity": "sha512-56zD4khRTBoIyzUYAFgDDaPhUMN/fC/rySe6aZGqbj/VWiU2eI3l6ZLOtYGFZAV5v02mwPjtpzlrOveJiz5eZQ=="
    },
    "commander": {
      "version": "7.2.0",
      "resolved": "https://registry.npmjs.org/commander/-/commander-7.2.0.tgz",
      "integrity": "sha512-QrWXB+ZQSVPmIWIhtEO9H+gwHaMGYiF5ChvoJ+K9ZGHG/sVsa6yiesAD1GC/x46sET00Xlwo1u49RVVVzvcSkw=="
    }
  }
}
